
Microsoft Visual Studio Solution File, Format Version 12.00
# Visual Studio Version 16
VisualStudioVersion = 16.0.31313.79
MinimumVisualStudioVersion = 10.0.40219.1
Project("{FAE04EC0-301F-11D3-BF4B-00C04F79EFBC}") = "prog7311poeTask2", "prog7311poeTask2\prog7311poeTask2.csproj", "{39DCDD57-D810-4959-A9DA-0224F1EA39A8}"
EndProject
Global
	GlobalSection(SolutionConfigurationPlatforms) = preSolution
		Debug|Any CPU = Debug|Any CPU
		Release|Any CPU = Release|Any CPU
	EndGlobalSection
	GlobalSection(ProjectConfigurationPlatforms) = postSolution
		{39DCDD57-D810-4959-A9DA-0224F1EA39A8}.Debug|Any CPU.ActiveCfg = Debug|Any CPU
		{39DCDD57-D810-4959-A9DA-0224F1EA39A8}.Debug|Any CPU.Build.0 = Debug|Any CPU
		{39DCDD57-D810-4959-A9DA-0224F1EA39A8}.Release|Any CPU.ActiveCfg = Release|Any CPU
		{39DCDD57-D810-4959-A9DA-0224F1EA39A8}.Release|Any CPU.Build.0 = Release|Any CPU
	EndGlobalSection
	GlobalSection(SolutionProperties) = preSolution
		HideSolutionNode = FALSE
	EndGlobalSection
	GlobalSection(ExtensibilityGlobals) = postSolution
		SolutionGuid = {8DE39361-804A-4029-9335-AA5F1B0B76D8}
	EndGlobalSection
EndGlobal
